
Microsoft Visual Studio Solution File, Format Version 12.00
# Visual Studio Version 17
VisualStudioVersion = 17.5.002.0
MinimumVisualStudioVersion = 10.0.40219.1
Project("{9A19103F-16F7-4668-BE54-9A1E7A4F7556}") = "HelloWorld", "HelloWorld\HelloWorld.csproj", "{99DB3CA9-C517-4B6E-AAC6-8A4FF2C92924}"
EndProject
Global
	GlobalSection(SolutionConfigurationPlatforms) = preSolution
		Debug|Any CPU = Debug|Any CPU
		Release|Any CPU = Release|Any CPU
	EndGlobalSection
	GlobalSection(ProjectConfigurationPlatforms) = postSolution
		{99DB3CA9-C517-4B6E-AAC6-8A4FF2C92924}.Debug|Any CPU.ActiveCfg = Debug|Any CPU
		{99DB3CA9-C517-4B6E-AAC6-8A4FF2C92924}.Debug|Any CPU.Build.0 = Debug|Any CPU
		{99DB3CA9-C517-4B6E-AAC6-8A4FF2C92924}.Release|Any CPU.ActiveCfg = Release|Any CPU
		{99DB3CA9-C517-4B6E-AAC6-8A4FF2C92924}.Release|Any CPU.Build.0 = Release|Any CPU
	EndGlobalSection
	GlobalSection(SolutionProperties) = preSolution
		HideSolutionNode = FALSE
	EndGlobalSection
	GlobalSection(ExtensibilityGlobals) = postSolution
		SolutionGuid = {C9C6AF83-C3CA-496B-984A-1DAFF399AB2B}
	EndGlobalSection
EndGlobal
